
Microsoft Visual Studio Solution File, Format Version 12.00
Project("{FAE04EC0-301F-11D3-BF4B-00C04F79EFBC}") = "Diagrid.AI.Microsoft.AgentFramework", "src\Diagrid.AI.Microsoft.AgentFramework\Diagrid.AI.Microsoft.AgentFramework.csproj", "{F6D075AE-92F2-48DE-8722-C7272DC3C1B3}"
EndProject
Project("{2150E333-8FDC-42A3-9474-1A3956D46DE8}") = "src", "src", "{EC533E2B-D00B-4B7E-A2B4-CB54DBB63950}"
EndProject
Project("{2150E333-8FDC-42A3-9474-1A3956D46DE8}") = "examples", "examples", "{90FD620C-57BC-430C-B738-5895312B46E9}"
EndProject
Project("{FAE04EC0-301F-11D3-BF4B-00C04F79EFBC}") = "AgentInvokerDemo", "examples\AgentInvokerDemo\AgentInvokerDemo.csproj", "{DFD0D5D3-6754-464E-967C-45481AE4ECD5}"
EndProject
Project("{FAE04EC0-301F-11D3-BF4B-00C04F79EFBC}") = "EmailGateDemo", "examples\EmailGateDemo\EmailGateDemo.csproj", "{AFABC373-BE4B-44BA-BD25-581F6EC8E8FD}"
EndProject
Project("{FAE04EC0-301F-11D3-BF4B-00C04F79EFBC}") = "KeyedAgentInvokerDemo", "examples\KeyedAgentInvokerDemo\KeyedAgentInvokerDemo.csproj", "{79DF1201-2A7F-4FFC-9DD1-3CCF8F7F4DBA}"
EndProject
Project("{FAE04EC0-301F-11D3-BF4B-00C04F79EFBC}") = "RouterDemo", "examples\RouterDemo\RouterDemo.csproj", "{B4FB3E81-D8E6-48E5-A034-68A706DBE440}"
EndProject
Project("{2150E333-8FDC-42A3-9474-1A3956D46DE8}") = "test", "test", "{37A966CB-73D3-402B-A6F8-CA71C6194F6A}"
EndProject
Project("{2150E333-8FDC-42A3-9474-1A3956D46DE8}") = "integration", "integration", "{E3A93BB6-7C82-421E-B42C-3B15CACA05C1}"
EndProject
Project("{2150E333-8FDC-42A3-9474-1A3956D46DE8}") = "unit", "unit", "{6FFCD6D7-2663-44C7-B278-60B32112321D}"
EndProject
Project("{FAE04EC0-301F-11D3-BF4B-00C04F79EFBC}") = "Diagrid.AI.Microsoft.AgentFramework.Test", "test\Diagrid.AI.Microsoft.AgentFramework.Test\Diagrid.AI.Microsoft.AgentFramework.Test.csproj", "{C2AC011E-8426-4EA8-BBC0-5D480D6F500D}"
EndProject
Project("{FAE04EC0-301F-11D3-BF4B-00C04F79EFBC}") = "Diagrid.AI.Microsoft.AgentFramework.IntegrationTest", "test\Diagrid.AI.Microsoft.AgentFramework.IntegrationTest\Diagrid.AI.Microsoft.AgentFramework.IntegrationTest.csproj", "{A1B2C3D4-E5F6-7890-ABCD-EF1234567890}"
EndProject
Project("{FAE04EC0-301F-11D3-BF4B-00C04F79EFBC}") = "ToolInvocation", "examples\ToolInvocation\ToolInvocation.csproj", "{BD49C76B-64AC-4310-8F24-2A92E0A2FEE6}"
EndProject
Global
	GlobalSection(SolutionConfigurationPlatforms) = preSolution
		Debug|Any CPU = Debug|Any CPU
		Release|Any CPU = Release|Any CPU
	EndGlobalSection
	GlobalSection(ProjectConfigurationPlatforms) = postSolution
		{F6D075AE-92F2-48DE-8722-C7272DC3C1B3}.Debug|Any CPU.ActiveCfg = Debug|Any CPU
		{F6D075AE-92F2-48DE-8722-C7272DC3C1B3}.Debug|Any CPU.Build.0 = Debug|Any CPU
		{F6D075AE-92F2-48DE-8722-C7272DC3C1B3}.Release|Any CPU.ActiveCfg = Release|Any CPU
		{F6D075AE-92F2-48DE-8722-C7272DC3C1B3}.Release|Any CPU.Build.0 = Release|Any CPU
		{DFD0D5D3-6754-464E-967C-45481AE4ECD5}.Debug|Any CPU.ActiveCfg = Debug|Any CPU
		{DFD0D5D3-6754-464E-967C-45481AE4ECD5}.Debug|Any CPU.Build.0 = Debug|Any CPU
		{DFD0D5D3-6754-464E-967C-45481AE4ECD5}.Release|Any CPU.ActiveCfg = Release|Any CPU
		{DFD0D5D3-6754-464E-967C-45481AE4ECD5}.Release|Any CPU.Build.0 = Release|Any CPU
		{AFABC373-BE4B-44BA-BD25-581F6EC8E8FD}.Debug|Any CPU.ActiveCfg = Debug|Any CPU
		{AFABC373-BE4B-44BA-BD25-581F6EC8E8FD}.Debug|Any CPU.Build.0 = Debug|Any CPU
		{AFABC373-BE4B-44BA-BD25-581F6EC8E8FD}.Release|Any CPU.ActiveCfg = Release|Any CPU
		{AFABC373-BE4B-44BA-BD25-581F6EC8E8FD}.Release|Any CPU.Build.0 = Release|Any CPU
		{79DF1201-2A7F-4FFC-9DD1-3CCF8F7F4DBA}.Debug|Any CPU.ActiveCfg = Debug|Any CPU
		{79DF1201-2A7F-4FFC-9DD1-3CCF8F7F4DBA}.Debug|Any CPU.Build.0 = Debug|Any CPU
		{79DF1201-2A7F-4FFC-9DD1-3CCF8F7F4DBA}.Release|Any CPU.ActiveCfg = Release|Any CPU
		{79DF1201-2A7F-4FFC-9DD1-3CCF8F7F4DBA}.Release|Any CPU.Build.0 = Release|Any CPU
		{B4FB3E81-D8E6-48E5-A034-68A706DBE440}.Debug|Any CPU.ActiveCfg = Debug|Any CPU
		{B4FB3E81-D8E6-48E5-A034-68A706DBE440}.Debug|Any CPU.Build.0 = Debug|Any CPU
		{B4FB3E81-D8E6-48E5-A034-68A706DBE440}.Release|Any CPU.ActiveCfg = Release|Any CPU
		{B4FB3E81-D8E6-48E5-A034-68A706DBE440}.Release|Any CPU.Build.0 = Release|Any CPU
		{C2AC011E-8426-4EA8-BBC0-5D480D6F500D}.Debug|Any CPU.ActiveCfg = Debug|Any CPU
		{C2AC011E-8426-4EA8-BBC0-5D480D6F500D}.Debug|Any CPU.Build.0 = Debug|Any CPU
		{C2AC011E-8426-4EA8-BBC0-5D480D6F500D}.Release|Any CPU.ActiveCfg = Release|Any CPU
		{C2AC011E-8426-4EA8-BBC0-5D480D6F500D}.Release|Any CPU.Build.0 = Release|Any CPU
		{A1B2C3D4-E5F6-7890-ABCD-EF1234567890}.Debug|Any CPU.ActiveCfg = Debug|Any CPU
		{A1B2C3D4-E5F6-7890-ABCD-EF1234567890}.Debug|Any CPU.Build.0 = Debug|Any CPU
		{A1B2C3D4-E5F6-7890-ABCD-EF1234567890}.Release|Any CPU.ActiveCfg = Release|Any CPU
		{A1B2C3D4-E5F6-7890-ABCD-EF1234567890}.Release|Any CPU.Build.0 = Release|Any CPU
		{BD49C76B-64AC-4310-8F24-2A92E0A2FEE6}.Debug|Any CPU.ActiveCfg = Debug|Any CPU
		{BD49C76B-64AC-4310-8F24-2A92E0A2FEE6}.Debug|Any CPU.Build.0 = Debug|Any CPU
		{BD49C76B-64AC-4310-8F24-2A92E0A2FEE6}.Release|Any CPU.ActiveCfg = Release|Any CPU
		{BD49C76B-64AC-4310-8F24-2A92E0A2FEE6}.Release|Any CPU.Build.0 = Release|Any CPU
	EndGlobalSection
	GlobalSection(NestedProjects) = preSolution
		{F6D075AE-92F2-48DE-8722-C7272DC3C1B3} = {EC533E2B-D00B-4B7E-A2B4-CB54DBB63950}
		{DFD0D5D3-6754-464E-967C-45481AE4ECD5} = {90FD620C-57BC-430C-B738-5895312B46E9}
		{AFABC373-BE4B-44BA-BD25-581F6EC8E8FD} = {90FD620C-57BC-430C-B738-5895312B46E9}
		{79DF1201-2A7F-4FFC-9DD1-3CCF8F7F4DBA} = {90FD620C-57BC-430C-B738-5895312B46E9}
		{B4FB3E81-D8E6-48E5-A034-68A706DBE440} = {90FD620C-57BC-430C-B738-5895312B46E9}
		{E3A93BB6-7C82-421E-B42C-3B15CACA05C1} = {37A966CB-73D3-402B-A6F8-CA71C6194F6A}
		{6FFCD6D7-2663-44C7-B278-60B32112321D} = {37A966CB-73D3-402B-A6F8-CA71C6194F6A}
		{C2AC011E-8426-4EA8-BBC0-5D480D6F500D} = {6FFCD6D7-2663-44C7-B278-60B32112321D}
		{A1B2C3D4-E5F6-7890-ABCD-EF1234567890} = {E3A93BB6-7C82-421E-B42C-3B15CACA05C1}
		{BD49C76B-64AC-4310-8F24-2A92E0A2FEE6} = {90FD620C-57BC-430C-B738-5895312B46E9}
	EndGlobalSection
EndGlobal
