Microsoft Visual Studio Solution File, Format Version 12.00
# Visual Studio Version 17
VisualStudioVersion = 17.5.2.0
MinimumVisualStudioVersion = 10.0.40219.1
Project("{FAE04EC0-301F-11D3-BF4B-00C04F79EFBC}") = "KeyedAgentInvokerDemo", "KeyedAgentInvokerDemo\KeyedAgentInvokerDemo.csproj", "{5AEF869A-2528-CCC9-C12D-4E884A30B3AD}"
EndProject
Project("{FAE04EC0-301F-11D3-BF4B-00C04F79EFBC}") = "EmailGateDemo", "EmailGateDemo\EmailGateDemo.csproj", "{60043E6C-7459-F5FC-7B23-009E35B49346}"
EndProject
Project("{FAE04EC0-301F-11D3-BF4B-00C04F79EFBC}") = "AgentInvokerDemo", "AgentInvokerDemo\AgentInvokerDemo.csproj", "{F5AF81C0-AAD7-7548-60C6-6904C534E154}"
EndProject
Project("{FAE04EC0-301F-11D3-BF4B-00C04F79EFBC}") = "RouterDemo", "RouterDemo\RouterDemo.csproj", "{21940E15-4804-68FC-8908-200890C43255}"
EndProject
Global
	GlobalSection(SolutionConfigurationPlatforms) = preSolution
		Debug|Any CPU = Debug|Any CPU
		Release|Any CPU = Release|Any CPU
	EndGlobalSection
	GlobalSection(ProjectConfigurationPlatforms) = postSolution
		{5AEF869A-2528-CCC9-C12D-4E884A30B3AD}.Debug|Any CPU.ActiveCfg = Debug|Any CPU
		{5AEF869A-2528-CCC9-C12D-4E884A30B3AD}.Debug|Any CPU.Build.0 = Debug|Any CPU
		{5AEF869A-2528-CCC9-C12D-4E884A30B3AD}.Release|Any CPU.ActiveCfg = Release|Any CPU
		{5AEF869A-2528-CCC9-C12D-4E884A30B3AD}.Release|Any CPU.Build.0 = Release|Any CPU
		{60043E6C-7459-F5FC-7B23-009E35B49346}.Debug|Any CPU.ActiveCfg = Debug|Any CPU
		{60043E6C-7459-F5FC-7B23-009E35B49346}.Debug|Any CPU.Build.0 = Debug|Any CPU
		{60043E6C-7459-F5FC-7B23-009E35B49346}.Release|Any CPU.ActiveCfg = Release|Any CPU
		{60043E6C-7459-F5FC-7B23-009E35B49346}.Release|Any CPU.Build.0 = Release|Any CPU
		{F5AF81C0-AAD7-7548-60C6-6904C534E154}.Debug|Any CPU.ActiveCfg = Debug|Any CPU
		{F5AF81C0-AAD7-7548-60C6-6904C534E154}.Debug|Any CPU.Build.0 = Debug|Any CPU
		{F5AF81C0-AAD7-7548-60C6-6904C534E154}.Release|Any CPU.ActiveCfg = Release|Any CPU
		{F5AF81C0-AAD7-7548-60C6-6904C534E154}.Release|Any CPU.Build.0 = Release|Any CPU
		{21940E15-4804-68FC-8908-200890C43255}.Debug|Any CPU.ActiveCfg = Debug|Any CPU
		{21940E15-4804-68FC-8908-200890C43255}.Debug|Any CPU.Build.0 = Debug|Any CPU
		{21940E15-4804-68FC-8908-200890C43255}.Release|Any CPU.ActiveCfg = Release|Any CPU
		{21940E15-4804-68FC-8908-200890C43255}.Release|Any CPU.Build.0 = Release|Any CPU
	EndGlobalSection
	GlobalSection(SolutionProperties) = preSolution
		HideSolutionNode = FALSE
	EndGlobalSection
	GlobalSection(ExtensibilityGlobals) = postSolution
		SolutionGuid = {4692525E-EB60-4F39-98FB-06DA76D4B667}
	EndGlobalSection
EndGlobal
